
Microsoft Visual Studio Solution File, Format Version 12.00
# Visual Studio 2017
Project("{FAE04EC0-301F-11D3-BF4B-00C04F79EFBC}") = "OIT launch game", "OIT launch game.csproj", "{853F4E26-5EC9-4879-A2DD-297C1D9F8DB0}"
EndProject
Global
	GlobalSection(SolutionConfigurationPlatforms) = preSolution
		Debug|Any CPU = Debug|Any CPU
		Release|Any CPU = Release|Any CPU
	EndGlobalSection
	GlobalSection(ProjectConfigurationPlatforms) = postSolution
		{853F4E26-5EC9-4879-A2DD-297C1D9F8DB0}.Debug|Any CPU.ActiveCfg = Debug|Any CPU
		{853F4E26-5EC9-4879-A2DD-297C1D9F8DB0}.Debug|Any CPU.Build.0 = Debug|Any CPU
		{853F4E26-5EC9-4879-A2DD-297C1D9F8DB0}.Release|Any CPU.ActiveCfg = Release|Any CPU
		{853F4E26-5EC9-4879-A2DD-297C1D9F8DB0}.Release|Any CPU.Build.0 = Release|Any CPU
	EndGlobalSection
	GlobalSection(SolutionProperties) = preSolution
		HideSolutionNode = FALSE
	EndGlobalSection
EndGlobal
